<?xml version="1.0" encoding="utf-8"?>
<Project ToolsVersion="4.0" xmlns="http://schemas.microsoft.com/developer/msbuild/2003">
  <ItemGroup>
    <ClCompile Include="src\FavoritesList.cpp" />
    <ClCompile Include="src\FilteredSearch.cpp" />
    <ClCompile Include="src\DataBuffer.cpp" />
    <ClCompile Include="src\information.cpp" />
    <ClCompile Include="src\search.cpp" />
    <ClCompile Include="src\System.cpp" />
    <ClCompile Include="src\Team2OpenDataApp.cpp" />
    <ClCompile Include="src\PopulationData.cpp" />
    <ClCompile Include="src\PopulationAnalysis.cpp" />
  </ItemGroup>
  <ItemGroup>
    <ClInclude Include="src\FavoritesList.h" />
    <ClInclude Include="src\FilteredSearch.h" />
    <ClInclude Include="src\DataBuffer.h" />
    <ClInclude Include="src\information.h" />
    <ClInclude Include="src\search.h" />
    <ClInclude Include="src\System.h" />
    <ClInclude Include="src\PopulationData.h" />
    <ClInclude Include="src\PopulationAnalysis.h" />
    <ClInclude Include="src\Types.h" />
  </ItemGroup>
</Project>